
Microsoft Visual Studio Solution File, Format Version 12.00
# Visual Studio 15
VisualStudioVersion = 15.0.28307.136
MinimumVisualStudioVersion = 10.0.40219.1
Project("{888888A0-9F3D-457C-B088-3A5042F75D52}") = "PA4", "PA4\PA4.pyproj", "{EBA9C09B-BEB0-42E4-A06C-2F6DC02755B0}"
EndProject
Global
	GlobalSection(SolutionConfigurationPlatforms) = preSolution
		Debug|Any CPU = Debug|Any CPU
		Release|Any CPU = Release|Any CPU
	EndGlobalSection
	GlobalSection(ProjectConfigurationPlatforms) = postSolution
		{EBA9C09B-BEB0-42E4-A06C-2F6DC02755B0}.Debug|Any CPU.ActiveCfg = Debug|Any CPU
		{EBA9C09B-BEB0-42E4-A06C-2F6DC02755B0}.Release|Any CPU.ActiveCfg = Release|Any CPU
	EndGlobalSection
	GlobalSection(SolutionProperties) = preSolution
		HideSolutionNode = FALSE
	EndGlobalSection
	GlobalSection(ExtensibilityGlobals) = postSolution
		SolutionGuid = {2397E9D9-66B8-416F-A727-F26D55FD53A0}
	EndGlobalSection
EndGlobal
